
Microsoft Visual Studio Solution File, Format Version 10.00
# Visual C++ Express 2008
Project("{8BC9CEB8-8B4A-11D0-8D11-00A0C91BC942}") = "pbg6ext", "pbg6ext\pbg6ext.vcproj", "{797F1883-7776-484C-A565-EA383F4D374C}"
EndProject
Global
	GlobalSection(SolutionConfigurationPlatforms) = preSolution
		Debug|Win32 = Debug|Win32
		Release|Win32 = Release|Win32
	EndGlobalSection
	GlobalSection(ProjectConfigurationPlatforms) = postSolution
		{797F1883-7776-484C-A565-EA383F4D374C}.Debug|Win32.ActiveCfg = Debug|Win32
		{797F1883-7776-484C-A565-EA383F4D374C}.Debug|Win32.Build.0 = Debug|Win32
		{797F1883-7776-484C-A565-EA383F4D374C}.Release|Win32.ActiveCfg = Release|Win32
		{797F1883-7776-484C-A565-EA383F4D374C}.Release|Win32.Build.0 = Release|Win32
	EndGlobalSection
	GlobalSection(SolutionProperties) = preSolution
		HideSolutionNode = FALSE
	EndGlobalSection
EndGlobal
